        # Generated by pub. See: http://pub.dartlang.org/doc/glossary.html#lockfile
         {"packages":{"dfunct":{"version":"0.0.8","source":"hosted","description":"dfunct"},"unittest":{"version":"0.4.4+4","source":"hosted","description":"unittest"},"meta":{"version":"0.4.4+4","source":"hosted","description":"meta"}}}
        